
Microsoft Visual Studio Solution File, Format Version 12.00
# Visual Studio Version 17
VisualStudioVersion = 17.14.36511.14 d17.14
MinimumVisualStudioVersion = 10.0.40219.1
Project("{8BC9CEB8-8B4A-11D0-8D11-00A0C91BC942}") = "Math Game", "Math Game\Math Game.vcxproj", "{DBD9C1BE-31D8-452A-B3C5-04187BFFF81F}"
EndProject
Global
	GlobalSection(SolutionConfigurationPlatforms) = preSolution
		Debug|x64 = Debug|x64
		Debug|x86 = Debug|x86
		Release|x64 = Release|x64
		Release|x86 = Release|x86
	EndGlobalSection
	GlobalSection(ProjectConfigurationPlatforms) = postSolution
		{DBD9C1BE-31D8-452A-B3C5-04187BFFF81F}.Debug|x64.ActiveCfg = Debug|x64
		{DBD9C1BE-31D8-452A-B3C5-04187BFFF81F}.Debug|x64.Build.0 = Debug|x64
		{DBD9C1BE-31D8-452A-B3C5-04187BFFF81F}.Debug|x86.ActiveCfg = Debug|Win32
		{DBD9C1BE-31D8-452A-B3C5-04187BFFF81F}.Debug|x86.Build.0 = Debug|Win32
		{DBD9C1BE-31D8-452A-B3C5-04187BFFF81F}.Release|x64.ActiveCfg = Release|x64
		{DBD9C1BE-31D8-452A-B3C5-04187BFFF81F}.Release|x64.Build.0 = Release|x64
		{DBD9C1BE-31D8-452A-B3C5-04187BFFF81F}.Release|x86.ActiveCfg = Release|Win32
		{DBD9C1BE-31D8-452A-B3C5-04187BFFF81F}.Release|x86.Build.0 = Release|Win32
	EndGlobalSection
	GlobalSection(SolutionProperties) = preSolution
		HideSolutionNode = FALSE
	EndGlobalSection
	GlobalSection(ExtensibilityGlobals) = postSolution
		SolutionGuid = {C3ED61D9-7683-4EA2-9A45-8EB55D501B20}
	EndGlobalSection
EndGlobal
